{
  "name": "ipv-core-front-browser-tests",
  "version": "1.0.0",
  "lockfileVersion": 3,
  "requires": true,
  "packages": {
    "": {
      "name": "ipv-core-front-browser-tests",
      "version": "1.0.0",
      "license": "MIT",
      "dependencies": {
        "@axe-core/playwright": "^4.10.0",
        "@playwright/test": "1.50.0",
        "dotenv": "^16.4.5"
      }
    },
    "node_modules/@axe-core/playwright": {
      "version": "4.10.0",
      "resolved": "https://registry.npmjs.org/@axe-core/playwright/-/playwright-4.10.0.tgz",
      "integrity": "sha512-kEr3JPEVUSnKIYp/egV2jvFj+chIjCjPp3K3zlpJMza/CB3TFw8UZNbI9agEC2uMz4YbgAOyzlbUy0QS+OofFA==",
      "dependencies": {
        "axe-core": "~4.10.0"
      },
      "peerDependencies": {
        "playwright-core": ">= 1.0.0"
      }
    },
    "node_modules/@playwright/test": {
      "version": "1.50.0",
      "resolved": "https://registry.npmjs.org/@playwright/test/-/test-1.50.0.tgz",
      "integrity": "sha512-ZGNXbt+d65EGjBORQHuYKj+XhCewlwpnSd/EDuLPZGSiEWmgOJB5RmMCCYGy5aMfTs9wx61RivfDKi8H/hcMvw==",
      "license": "Apache-2.0",
      "dependencies": {
        "playwright": "1.50.0"
      },
      "bin": {
        "playwright": "cli.js"
      },
      "engines": {
        "node": ">=18"
      }
    },
    "node_modules/axe-core": {
      "version": "4.10.0",
      "resolved": "https://registry.npmjs.org/axe-core/-/axe-core-4.10.0.tgz",
      "integrity": "sha512-Mr2ZakwQ7XUAjp7pAwQWRhhK8mQQ6JAaNWSjmjxil0R8BPioMtQsTLOolGYkji1rcL++3dCqZA3zWqpT+9Ew6g==",
      "engines": {
        "node": ">=4"
      }
    },
    "node_modules/dotenv": {
      "version": "16.4.5",
      "resolved": "https://registry.npmjs.org/dotenv/-/dotenv-16.4.5.tgz",
      "integrity": "sha512-ZmdL2rui+eB2YwhsWzjInR8LldtZHGDoQ1ugH85ppHKwpUHL7j7rN0Ti9NCnGiQbhaZ11FpR+7ao1dNsmduNUg==",
      "engines": {
        "node": ">=12"
      },
      "funding": {
        "url": "https://dotenvx.com"
      }
    },
    "node_modules/fsevents": {
      "version": "2.3.2",
      "resolved": "https://registry.npmjs.org/fsevents/-/fsevents-2.3.2.tgz",
      "integrity": "sha512-xiqMQR4xAeHTuB9uWm+fFRcIOgKBMiOBP+eXiyT7jsgVCq1bkVygt00oASowB7EdtpOHaaPgKt812P9ab+DDKA==",
      "hasInstallScript": true,
      "license": "MIT",
      "optional": true,
      "os": [
        "darwin"
      ],
      "engines": {
        "node": "^8.16.0 || ^10.6.0 || >=11.0.0"
      }
    },
    "node_modules/playwright": {
      "version": "1.50.0",
      "resolved": "https://registry.npmjs.org/playwright/-/playwright-1.50.0.tgz",
      "integrity": "sha512-+GinGfGTrd2IfX1TA4N2gNmeIksSb+IAe589ZH+FlmpV3MYTx6+buChGIuDLQwrGNCw2lWibqV50fU510N7S+w==",
      "license": "Apache-2.0",
      "dependencies": {
        "playwright-core": "1.50.0"
      },
      "bin": {
        "playwright": "cli.js"
      },
      "engines": {
        "node": ">=18"
      },
      "optionalDependencies": {
        "fsevents": "2.3.2"
      }
    },
    "node_modules/playwright-core": {
      "version": "1.50.0",
      "resolved": "https://registry.npmjs.org/playwright-core/-/playwright-core-1.50.0.tgz",
      "integrity": "sha512-CXkSSlr4JaZs2tZHI40DsZUN/NIwgaUPsyLuOAaIZp2CyF2sN5MM5NJsyB188lFSSozFxQ5fPT4qM+f0tH/6wQ==",
      "license": "Apache-2.0",
      "bin": {
        "playwright-core": "cli.js"
      },
      "engines": {
        "node": ">=18"
      }
    }
  }
}
